
Microsoft Visual Studio Solution File, Format Version 12.00
# Visual Studio 14
VisualStudioVersion = 14.0.25420.1
MinimumVisualStudioVersion = 10.0.40219.1
Project("{FAE04EC0-301F-11D3-BF4B-00C04F79EFBC}") = "AngularHomepage", "AngularHomepage\AngularHomepage.csproj", "{A3C8A825-B342-4D29-B89D-A035470922FC}"
EndProject
Project("{FAE04EC0-301F-11D3-BF4B-00C04F79EFBC}") = "UserManager", "UserManager\UserManager.csproj", "{3BA43054-49CE-49DB-95CA-4A41FE29958A}"
EndProject
Global
	GlobalSection(SolutionConfigurationPlatforms) = preSolution
		Debug|Any CPU = Debug|Any CPU
		Release|Any CPU = Release|Any CPU
	EndGlobalSection
	GlobalSection(ProjectConfigurationPlatforms) = postSolution
		{A3C8A825-B342-4D29-B89D-A035470922FC}.Debug|Any CPU.ActiveCfg = Debug|Any CPU
		{A3C8A825-B342-4D29-B89D-A035470922FC}.Debug|Any CPU.Build.0 = Debug|Any CPU
		{A3C8A825-B342-4D29-B89D-A035470922FC}.Release|Any CPU.ActiveCfg = Release|Any CPU
		{A3C8A825-B342-4D29-B89D-A035470922FC}.Release|Any CPU.Build.0 = Release|Any CPU
		{3BA43054-49CE-49DB-95CA-4A41FE29958A}.Debug|Any CPU.ActiveCfg = Debug|Any CPU
		{3BA43054-49CE-49DB-95CA-4A41FE29958A}.Debug|Any CPU.Build.0 = Debug|Any CPU
		{3BA43054-49CE-49DB-95CA-4A41FE29958A}.Release|Any CPU.ActiveCfg = Release|Any CPU
		{3BA43054-49CE-49DB-95CA-4A41FE29958A}.Release|Any CPU.Build.0 = Release|Any CPU
	EndGlobalSection
	GlobalSection(SolutionProperties) = preSolution
		HideSolutionNode = FALSE
	EndGlobalSection
EndGlobal
